
Microsoft Visual Studio Solution File, Format Version 12.00
# Visual Studio Version 16
VisualStudioVersion = 16.0.28922.388
MinimumVisualStudioVersion = 10.0.40219.1
Project("{FAE04EC0-301F-11D3-BF4B-00C04F79EFBC}") = "DbTools.DataDefinitionGenerator", "DbTools.DataDefinitionGenerator\DbTools.DataDefinitionGenerator.csproj", "{DA2F3610-73C6-4F4A-9927-82332F91E957}"
EndProject
Project("{2150E333-8FDC-42A3-9474-1A3956D46DE8}") = "Global", "Global", "{0445F7BE-5D4F-441B-87A9-93835E59ABEB}"
	ProjectSection(SolutionItems) = preProject
		.editorconfig = .editorconfig
		Global\App.Local.Global.config = Global\App.Local.Global.config
		Global\AssemblyInfo.Global.cs = Global\AssemblyInfo.Global.cs
		FizzCode.ruleset = FizzCode.ruleset
		README.md = README.md
		Global\TransformConfig.targets = Global\TransformConfig.targets
	EndProjectSection
EndProject
Project("{FAE04EC0-301F-11D3-BF4B-00C04F79EFBC}") = "DbTools.DataDefinitionExecuter", "DbTools.DataDefinitionExecuter\DbTools.DataDefinitionExecuter.csproj", "{4AB49F19-8E03-4944-B104-4DFDE056231F}"
EndProject
Project("{FAE04EC0-301F-11D3-BF4B-00C04F79EFBC}") = "DbTools.DataDefinitionReader", "DbTools.DataDefinitionReader\DbTools.DataDefinitionReader.csproj", "{0A3CAAA7-8D7E-4B9F-B6EF-9AC4F06C0E01}"
EndProject
Project("{2150E333-8FDC-42A3-9474-1A3956D46DE8}") = "Tests", "Tests", "{FC2D850B-2168-44E5-9A58-A3EE132A3F8D}"
EndProject
Project("{FAE04EC0-301F-11D3-BF4B-00C04F79EFBC}") = "DbTools.DataDefinition", "DbTools.DataDefinition\DbTools.DataDefinition.csproj", "{626E2BD9-8E64-4C06-B47E-A9A911E90E56}"
EndProject
Project("{FAE04EC0-301F-11D3-BF4B-00C04F79EFBC}") = "DbTools.TestBase", "DbTools.TestBase\DbTools.TestBase.csproj", "{3E87F63B-A847-47CB-B197-8836E9B41378}"
EndProject
Project("{FAE04EC0-301F-11D3-BF4B-00C04F79EFBC}") = "DbTools.DataDefinition.Tests", "Tests\DbTools.DataDefinition.Tests\DbTools.DataDefinition.Tests.csproj", "{4949CA8A-D159-40B2-BAF1-AB19E56C262C}"
EndProject
Project("{FAE04EC0-301F-11D3-BF4B-00C04F79EFBC}") = "DbTools.DataDefinitionGenerator.Tests", "Tests\DbTools.DataDefinitionGenerator.Tests\DbTools.DataDefinitionGenerator.Tests.csproj", "{34A08647-F770-4E81-B2C5-216AF94F6B12}"
EndProject
Project("{FAE04EC0-301F-11D3-BF4B-00C04F79EFBC}") = "DbTools.DataDefinitionExecuter.Tests", "Tests\DbTools.DataDefinitionExecuter.Tests\DbTools.DataDefinitionExecuter.Tests.csproj", "{8DF6A98E-403F-49F5-8C3F-63E8F5992C9D}"
EndProject
Project("{FAE04EC0-301F-11D3-BF4B-00C04F79EFBC}") = "DbTools.DataDefinitionReader.Tests", "Tests\DbTools.DataDefinitionReader.Tests\DbTools.DataDefinitionReader.Tests.csproj", "{1F8CD096-26E0-48BA-89F8-7CA3FEDD908D}"
EndProject
Project("{FAE04EC0-301F-11D3-BF4B-00C04F79EFBC}") = "DbTools.DataGenerator", "DbTools.DataGenerator\DbTools.DataGenerator.csproj", "{97740A2A-C6CB-4455-8B69-7F47474151E0}"
EndProject
Project("{FAE04EC0-301F-11D3-BF4B-00C04F79EFBC}") = "DbTools.DataGenerator.Tests", "Tests\DbTools.DataGenerator.Tests\DbTools.DataGenerator.Tests.csproj", "{DC21CE3A-F9EC-4B35-B0B0-B59006A18D43}"
EndProject
Project("{FAE04EC0-301F-11D3-BF4B-00C04F79EFBC}") = "DbTools.DataDefinitionDocumenter", "DbTools.DataDefinitionDocumenter\DbTools.DataDefinitionDocumenter.csproj", "{1C37EE97-4CC3-4C73-B2BC-1C98BC45ABD2}"
EndProject
Project("{FAE04EC0-301F-11D3-BF4B-00C04F79EFBC}") = "DbTools.DataDefinitionDocumenter.Tests", "Tests\DbTools.DataDefinitionDocumenter.Tests\DbTools.DataDefinitionDocumenter.Tests.csproj", "{1FBA950E-79B8-4B74-8FE8-E67C3E2E6C93}"
EndProject
Project("{FAE04EC0-301F-11D3-BF4B-00C04F79EFBC}") = "DbTools.Console", "DbTools.Console\DbTools.Console.csproj", "{56C6D12A-8FF5-4871-A5A7-3E6AB70ADDF7}"
EndProject
Project("{FAE04EC0-301F-11D3-BF4B-00C04F79EFBC}") = "DbTools.Common", "DbTools.Common\DbTools.Common.csproj", "{CFCC1E6D-003E-405F-8ADE-674594343E63}"
EndProject
Global
	GlobalSection(SolutionConfigurationPlatforms) = preSolution
		Debug|Any CPU = Debug|Any CPU
		Debug|x64 = Debug|x64
		Integration|Any CPU = Integration|Any CPU
		Integration|x64 = Integration|x64
		Release|Any CPU = Release|Any CPU
		Release|x64 = Release|x64
	EndGlobalSection
	GlobalSection(ProjectConfigurationPlatforms) = postSolution
		{DA2F3610-73C6-4F4A-9927-82332F91E957}.Debug|Any CPU.ActiveCfg = Debug|Any CPU
		{DA2F3610-73C6-4F4A-9927-82332F91E957}.Debug|Any CPU.Build.0 = Debug|Any CPU
		{DA2F3610-73C6-4F4A-9927-82332F91E957}.Debug|x64.ActiveCfg = Debug|x64
		{DA2F3610-73C6-4F4A-9927-82332F91E957}.Debug|x64.Build.0 = Debug|x64
		{DA2F3610-73C6-4F4A-9927-82332F91E957}.Integration|Any CPU.ActiveCfg = Integration|Any CPU
		{DA2F3610-73C6-4F4A-9927-82332F91E957}.Integration|Any CPU.Build.0 = Integration|Any CPU
		{DA2F3610-73C6-4F4A-9927-82332F91E957}.Integration|x64.ActiveCfg = Integration|x64
		{DA2F3610-73C6-4F4A-9927-82332F91E957}.Integration|x64.Build.0 = Integration|x64
		{DA2F3610-73C6-4F4A-9927-82332F91E957}.Release|Any CPU.ActiveCfg = Release|Any CPU
		{DA2F3610-73C6-4F4A-9927-82332F91E957}.Release|Any CPU.Build.0 = Release|Any CPU
		{DA2F3610-73C6-4F4A-9927-82332F91E957}.Release|x64.ActiveCfg = Release|x64
		{DA2F3610-73C6-4F4A-9927-82332F91E957}.Release|x64.Build.0 = Release|x64
		{4AB49F19-8E03-4944-B104-4DFDE056231F}.Debug|Any CPU.ActiveCfg = Debug|Any CPU
		{4AB49F19-8E03-4944-B104-4DFDE056231F}.Debug|Any CPU.Build.0 = Debug|Any CPU
		{4AB49F19-8E03-4944-B104-4DFDE056231F}.Debug|x64.ActiveCfg = Debug|x64
		{4AB49F19-8E03-4944-B104-4DFDE056231F}.Debug|x64.Build.0 = Debug|x64
		{4AB49F19-8E03-4944-B104-4DFDE056231F}.Integration|Any CPU.ActiveCfg = Integration|Any CPU
		{4AB49F19-8E03-4944-B104-4DFDE056231F}.Integration|Any CPU.Build.0 = Integration|Any CPU
		{4AB49F19-8E03-4944-B104-4DFDE056231F}.Integration|x64.ActiveCfg = Integration|x64
		{4AB49F19-8E03-4944-B104-4DFDE056231F}.Integration|x64.Build.0 = Integration|x64
		{4AB49F19-8E03-4944-B104-4DFDE056231F}.Release|Any CPU.ActiveCfg = Release|Any CPU
		{4AB49F19-8E03-4944-B104-4DFDE056231F}.Release|Any CPU.Build.0 = Release|Any CPU
		{4AB49F19-8E03-4944-B104-4DFDE056231F}.Release|x64.ActiveCfg = Release|x64
		{4AB49F19-8E03-4944-B104-4DFDE056231F}.Release|x64.Build.0 = Release|x64
		{0A3CAAA7-8D7E-4B9F-B6EF-9AC4F06C0E01}.Debug|Any CPU.ActiveCfg = Debug|Any CPU
		{0A3CAAA7-8D7E-4B9F-B6EF-9AC4F06C0E01}.Debug|Any CPU.Build.0 = Debug|Any CPU
		{0A3CAAA7-8D7E-4B9F-B6EF-9AC4F06C0E01}.Debug|x64.ActiveCfg = Debug|x64
		{0A3CAAA7-8D7E-4B9F-B6EF-9AC4F06C0E01}.Debug|x64.Build.0 = Debug|x64
		{0A3CAAA7-8D7E-4B9F-B6EF-9AC4F06C0E01}.Integration|Any CPU.ActiveCfg = Release|Any CPU
		{0A3CAAA7-8D7E-4B9F-B6EF-9AC4F06C0E01}.Integration|Any CPU.Build.0 = Release|Any CPU
		{0A3CAAA7-8D7E-4B9F-B6EF-9AC4F06C0E01}.Integration|x64.ActiveCfg = Release|x64
		{0A3CAAA7-8D7E-4B9F-B6EF-9AC4F06C0E01}.Integration|x64.Build.0 = Release|x64
		{0A3CAAA7-8D7E-4B9F-B6EF-9AC4F06C0E01}.Release|Any CPU.ActiveCfg = Release|Any CPU
		{0A3CAAA7-8D7E-4B9F-B6EF-9AC4F06C0E01}.Release|Any CPU.Build.0 = Release|Any CPU
		{0A3CAAA7-8D7E-4B9F-B6EF-9AC4F06C0E01}.Release|x64.ActiveCfg = Release|x64
		{0A3CAAA7-8D7E-4B9F-B6EF-9AC4F06C0E01}.Release|x64.Build.0 = Release|x64
		{626E2BD9-8E64-4C06-B47E-A9A911E90E56}.Debug|Any CPU.ActiveCfg = Debug|Any CPU
		{626E2BD9-8E64-4C06-B47E-A9A911E90E56}.Debug|Any CPU.Build.0 = Debug|Any CPU
		{626E2BD9-8E64-4C06-B47E-A9A911E90E56}.Debug|x64.ActiveCfg = Debug|x64
		{626E2BD9-8E64-4C06-B47E-A9A911E90E56}.Debug|x64.Build.0 = Debug|x64
		{626E2BD9-8E64-4C06-B47E-A9A911E90E56}.Integration|Any CPU.ActiveCfg = Release|Any CPU
		{626E2BD9-8E64-4C06-B47E-A9A911E90E56}.Integration|Any CPU.Build.0 = Release|Any CPU
		{626E2BD9-8E64-4C06-B47E-A9A911E90E56}.Integration|x64.ActiveCfg = Release|x64
		{626E2BD9-8E64-4C06-B47E-A9A911E90E56}.Integration|x64.Build.0 = Release|x64
		{626E2BD9-8E64-4C06-B47E-A9A911E90E56}.Release|Any CPU.ActiveCfg = Release|Any CPU
		{626E2BD9-8E64-4C06-B47E-A9A911E90E56}.Release|Any CPU.Build.0 = Release|Any CPU
		{626E2BD9-8E64-4C06-B47E-A9A911E90E56}.Release|x64.ActiveCfg = Release|x64
		{626E2BD9-8E64-4C06-B47E-A9A911E90E56}.Release|x64.Build.0 = Release|x64
		{3E87F63B-A847-47CB-B197-8836E9B41378}.Debug|Any CPU.ActiveCfg = Debug|Any CPU
		{3E87F63B-A847-47CB-B197-8836E9B41378}.Debug|Any CPU.Build.0 = Debug|Any CPU
		{3E87F63B-A847-47CB-B197-8836E9B41378}.Debug|x64.ActiveCfg = Debug|x64
		{3E87F63B-A847-47CB-B197-8836E9B41378}.Debug|x64.Build.0 = Debug|x64
		{3E87F63B-A847-47CB-B197-8836E9B41378}.Integration|Any CPU.ActiveCfg = Release|Any CPU
		{3E87F63B-A847-47CB-B197-8836E9B41378}.Integration|Any CPU.Build.0 = Release|Any CPU
		{3E87F63B-A847-47CB-B197-8836E9B41378}.Integration|x64.ActiveCfg = Release|x64
		{3E87F63B-A847-47CB-B197-8836E9B41378}.Integration|x64.Build.0 = Release|x64
		{3E87F63B-A847-47CB-B197-8836E9B41378}.Release|Any CPU.ActiveCfg = Release|Any CPU
		{3E87F63B-A847-47CB-B197-8836E9B41378}.Release|Any CPU.Build.0 = Release|Any CPU
		{3E87F63B-A847-47CB-B197-8836E9B41378}.Release|x64.ActiveCfg = Release|x64
		{3E87F63B-A847-47CB-B197-8836E9B41378}.Release|x64.Build.0 = Release|x64
		{4949CA8A-D159-40B2-BAF1-AB19E56C262C}.Debug|Any CPU.ActiveCfg = Debug|Any CPU
		{4949CA8A-D159-40B2-BAF1-AB19E56C262C}.Debug|Any CPU.Build.0 = Debug|Any CPU
		{4949CA8A-D159-40B2-BAF1-AB19E56C262C}.Debug|x64.ActiveCfg = Debug|x64
		{4949CA8A-D159-40B2-BAF1-AB19E56C262C}.Debug|x64.Build.0 = Debug|x64
		{4949CA8A-D159-40B2-BAF1-AB19E56C262C}.Integration|Any CPU.ActiveCfg = Release|Any CPU
		{4949CA8A-D159-40B2-BAF1-AB19E56C262C}.Integration|Any CPU.Build.0 = Release|Any CPU
		{4949CA8A-D159-40B2-BAF1-AB19E56C262C}.Integration|x64.ActiveCfg = Release|x64
		{4949CA8A-D159-40B2-BAF1-AB19E56C262C}.Integration|x64.Build.0 = Release|x64
		{4949CA8A-D159-40B2-BAF1-AB19E56C262C}.Release|Any CPU.ActiveCfg = Release|Any CPU
		{4949CA8A-D159-40B2-BAF1-AB19E56C262C}.Release|Any CPU.Build.0 = Release|Any CPU
		{4949CA8A-D159-40B2-BAF1-AB19E56C262C}.Release|x64.ActiveCfg = Release|x64
		{4949CA8A-D159-40B2-BAF1-AB19E56C262C}.Release|x64.Build.0 = Release|x64
		{34A08647-F770-4E81-B2C5-216AF94F6B12}.Debug|Any CPU.ActiveCfg = Debug|Any CPU
		{34A08647-F770-4E81-B2C5-216AF94F6B12}.Debug|Any CPU.Build.0 = Debug|Any CPU
		{34A08647-F770-4E81-B2C5-216AF94F6B12}.Debug|x64.ActiveCfg = Debug|x64
		{34A08647-F770-4E81-B2C5-216AF94F6B12}.Debug|x64.Build.0 = Debug|x64
		{34A08647-F770-4E81-B2C5-216AF94F6B12}.Integration|Any CPU.ActiveCfg = Release|Any CPU
		{34A08647-F770-4E81-B2C5-216AF94F6B12}.Integration|Any CPU.Build.0 = Release|Any CPU
		{34A08647-F770-4E81-B2C5-216AF94F6B12}.Integration|x64.ActiveCfg = Release|x64
		{34A08647-F770-4E81-B2C5-216AF94F6B12}.Integration|x64.Build.0 = Release|x64
		{34A08647-F770-4E81-B2C5-216AF94F6B12}.Release|Any CPU.ActiveCfg = Release|Any CPU
		{34A08647-F770-4E81-B2C5-216AF94F6B12}.Release|Any CPU.Build.0 = Release|Any CPU
		{34A08647-F770-4E81-B2C5-216AF94F6B12}.Release|x64.ActiveCfg = Release|x64
		{34A08647-F770-4E81-B2C5-216AF94F6B12}.Release|x64.Build.0 = Release|x64
		{8DF6A98E-403F-49F5-8C3F-63E8F5992C9D}.Debug|Any CPU.ActiveCfg = Debug|Any CPU
		{8DF6A98E-403F-49F5-8C3F-63E8F5992C9D}.Debug|Any CPU.Build.0 = Debug|Any CPU
		{8DF6A98E-403F-49F5-8C3F-63E8F5992C9D}.Debug|x64.ActiveCfg = Debug|x64
		{8DF6A98E-403F-49F5-8C3F-63E8F5992C9D}.Debug|x64.Build.0 = Debug|x64
		{8DF6A98E-403F-49F5-8C3F-63E8F5992C9D}.Integration|Any CPU.ActiveCfg = Integration|Any CPU
		{8DF6A98E-403F-49F5-8C3F-63E8F5992C9D}.Integration|Any CPU.Build.0 = Integration|Any CPU
		{8DF6A98E-403F-49F5-8C3F-63E8F5992C9D}.Integration|x64.ActiveCfg = Integration|x64
		{8DF6A98E-403F-49F5-8C3F-63E8F5992C9D}.Integration|x64.Build.0 = Integration|x64
		{8DF6A98E-403F-49F5-8C3F-63E8F5992C9D}.Release|Any CPU.ActiveCfg = Release|Any CPU
		{8DF6A98E-403F-49F5-8C3F-63E8F5992C9D}.Release|Any CPU.Build.0 = Release|Any CPU
		{8DF6A98E-403F-49F5-8C3F-63E8F5992C9D}.Release|x64.ActiveCfg = Release|x64
		{8DF6A98E-403F-49F5-8C3F-63E8F5992C9D}.Release|x64.Build.0 = Release|x64
		{1F8CD096-26E0-48BA-89F8-7CA3FEDD908D}.Debug|Any CPU.ActiveCfg = Debug|Any CPU
		{1F8CD096-26E0-48BA-89F8-7CA3FEDD908D}.Debug|Any CPU.Build.0 = Debug|Any CPU
		{1F8CD096-26E0-48BA-89F8-7CA3FEDD908D}.Debug|x64.ActiveCfg = Debug|x64
		{1F8CD096-26E0-48BA-89F8-7CA3FEDD908D}.Debug|x64.Build.0 = Debug|x64
		{1F8CD096-26E0-48BA-89F8-7CA3FEDD908D}.Integration|Any CPU.ActiveCfg = Release|Any CPU
		{1F8CD096-26E0-48BA-89F8-7CA3FEDD908D}.Integration|Any CPU.Build.0 = Release|Any CPU
		{1F8CD096-26E0-48BA-89F8-7CA3FEDD908D}.Integration|x64.ActiveCfg = Release|x64
		{1F8CD096-26E0-48BA-89F8-7CA3FEDD908D}.Integration|x64.Build.0 = Release|x64
		{1F8CD096-26E0-48BA-89F8-7CA3FEDD908D}.Release|Any CPU.ActiveCfg = Release|Any CPU
		{1F8CD096-26E0-48BA-89F8-7CA3FEDD908D}.Release|Any CPU.Build.0 = Release|Any CPU
		{1F8CD096-26E0-48BA-89F8-7CA3FEDD908D}.Release|x64.ActiveCfg = Release|x64
		{1F8CD096-26E0-48BA-89F8-7CA3FEDD908D}.Release|x64.Build.0 = Release|x64
		{97740A2A-C6CB-4455-8B69-7F47474151E0}.Debug|Any CPU.ActiveCfg = Debug|Any CPU
		{97740A2A-C6CB-4455-8B69-7F47474151E0}.Debug|Any CPU.Build.0 = Debug|Any CPU
		{97740A2A-C6CB-4455-8B69-7F47474151E0}.Debug|x64.ActiveCfg = Debug|x64
		{97740A2A-C6CB-4455-8B69-7F47474151E0}.Debug|x64.Build.0 = Debug|x64
		{97740A2A-C6CB-4455-8B69-7F47474151E0}.Integration|Any CPU.ActiveCfg = Release|Any CPU
		{97740A2A-C6CB-4455-8B69-7F47474151E0}.Integration|Any CPU.Build.0 = Release|Any CPU
		{97740A2A-C6CB-4455-8B69-7F47474151E0}.Integration|x64.ActiveCfg = Release|x64
		{97740A2A-C6CB-4455-8B69-7F47474151E0}.Integration|x64.Build.0 = Release|x64
		{97740A2A-C6CB-4455-8B69-7F47474151E0}.Release|Any CPU.ActiveCfg = Release|Any CPU
		{97740A2A-C6CB-4455-8B69-7F47474151E0}.Release|Any CPU.Build.0 = Release|Any CPU
		{97740A2A-C6CB-4455-8B69-7F47474151E0}.Release|x64.ActiveCfg = Release|x64
		{97740A2A-C6CB-4455-8B69-7F47474151E0}.Release|x64.Build.0 = Release|x64
		{DC21CE3A-F9EC-4B35-B0B0-B59006A18D43}.Debug|Any CPU.ActiveCfg = Debug|Any CPU
		{DC21CE3A-F9EC-4B35-B0B0-B59006A18D43}.Debug|Any CPU.Build.0 = Debug|Any CPU
		{DC21CE3A-F9EC-4B35-B0B0-B59006A18D43}.Debug|x64.ActiveCfg = Debug|x64
		{DC21CE3A-F9EC-4B35-B0B0-B59006A18D43}.Debug|x64.Build.0 = Debug|x64
		{DC21CE3A-F9EC-4B35-B0B0-B59006A18D43}.Integration|Any CPU.ActiveCfg = Release|Any CPU
		{DC21CE3A-F9EC-4B35-B0B0-B59006A18D43}.Integration|Any CPU.Build.0 = Release|Any CPU
		{DC21CE3A-F9EC-4B35-B0B0-B59006A18D43}.Integration|x64.ActiveCfg = Release|x64
		{DC21CE3A-F9EC-4B35-B0B0-B59006A18D43}.Integration|x64.Build.0 = Release|x64
		{DC21CE3A-F9EC-4B35-B0B0-B59006A18D43}.Release|Any CPU.ActiveCfg = Release|Any CPU
		{DC21CE3A-F9EC-4B35-B0B0-B59006A18D43}.Release|Any CPU.Build.0 = Release|Any CPU
		{DC21CE3A-F9EC-4B35-B0B0-B59006A18D43}.Release|x64.ActiveCfg = Release|x64
		{DC21CE3A-F9EC-4B35-B0B0-B59006A18D43}.Release|x64.Build.0 = Release|x64
		{1C37EE97-4CC3-4C73-B2BC-1C98BC45ABD2}.Debug|Any CPU.ActiveCfg = Debug|Any CPU
		{1C37EE97-4CC3-4C73-B2BC-1C98BC45ABD2}.Debug|Any CPU.Build.0 = Debug|Any CPU
		{1C37EE97-4CC3-4C73-B2BC-1C98BC45ABD2}.Debug|x64.ActiveCfg = Debug|x64
		{1C37EE97-4CC3-4C73-B2BC-1C98BC45ABD2}.Debug|x64.Build.0 = Debug|x64
		{1C37EE97-4CC3-4C73-B2BC-1C98BC45ABD2}.Integration|Any CPU.ActiveCfg = Release|Any CPU
		{1C37EE97-4CC3-4C73-B2BC-1C98BC45ABD2}.Integration|Any CPU.Build.0 = Release|Any CPU
		{1C37EE97-4CC3-4C73-B2BC-1C98BC45ABD2}.Integration|x64.ActiveCfg = Release|x64
		{1C37EE97-4CC3-4C73-B2BC-1C98BC45ABD2}.Integration|x64.Build.0 = Release|x64
		{1C37EE97-4CC3-4C73-B2BC-1C98BC45ABD2}.Release|Any CPU.ActiveCfg = Release|Any CPU
		{1C37EE97-4CC3-4C73-B2BC-1C98BC45ABD2}.Release|Any CPU.Build.0 = Release|Any CPU
		{1C37EE97-4CC3-4C73-B2BC-1C98BC45ABD2}.Release|x64.ActiveCfg = Release|x64
		{1C37EE97-4CC3-4C73-B2BC-1C98BC45ABD2}.Release|x64.Build.0 = Release|x64
		{1FBA950E-79B8-4B74-8FE8-E67C3E2E6C93}.Debug|Any CPU.ActiveCfg = Debug|Any CPU
		{1FBA950E-79B8-4B74-8FE8-E67C3E2E6C93}.Debug|Any CPU.Build.0 = Debug|Any CPU
		{1FBA950E-79B8-4B74-8FE8-E67C3E2E6C93}.Debug|x64.ActiveCfg = Debug|x64
		{1FBA950E-79B8-4B74-8FE8-E67C3E2E6C93}.Debug|x64.Build.0 = Debug|x64
		{1FBA950E-79B8-4B74-8FE8-E67C3E2E6C93}.Integration|Any CPU.ActiveCfg = Release|Any CPU
		{1FBA950E-79B8-4B74-8FE8-E67C3E2E6C93}.Integration|Any CPU.Build.0 = Release|Any CPU
		{1FBA950E-79B8-4B74-8FE8-E67C3E2E6C93}.Integration|x64.ActiveCfg = Release|x64
		{1FBA950E-79B8-4B74-8FE8-E67C3E2E6C93}.Integration|x64.Build.0 = Release|x64
		{1FBA950E-79B8-4B74-8FE8-E67C3E2E6C93}.Release|Any CPU.ActiveCfg = Release|Any CPU
		{1FBA950E-79B8-4B74-8FE8-E67C3E2E6C93}.Release|Any CPU.Build.0 = Release|Any CPU
		{1FBA950E-79B8-4B74-8FE8-E67C3E2E6C93}.Release|x64.ActiveCfg = Release|x64
		{1FBA950E-79B8-4B74-8FE8-E67C3E2E6C93}.Release|x64.Build.0 = Release|x64
		{56C6D12A-8FF5-4871-A5A7-3E6AB70ADDF7}.Debug|Any CPU.ActiveCfg = Debug|Any CPU
		{56C6D12A-8FF5-4871-A5A7-3E6AB70ADDF7}.Debug|Any CPU.Build.0 = Debug|Any CPU
		{56C6D12A-8FF5-4871-A5A7-3E6AB70ADDF7}.Debug|x64.ActiveCfg = Debug|x64
		{56C6D12A-8FF5-4871-A5A7-3E6AB70ADDF7}.Debug|x64.Build.0 = Debug|x64
		{56C6D12A-8FF5-4871-A5A7-3E6AB70ADDF7}.Integration|Any CPU.ActiveCfg = Release|Any CPU
		{56C6D12A-8FF5-4871-A5A7-3E6AB70ADDF7}.Integration|Any CPU.Build.0 = Release|Any CPU
		{56C6D12A-8FF5-4871-A5A7-3E6AB70ADDF7}.Integration|x64.ActiveCfg = Release|x64
		{56C6D12A-8FF5-4871-A5A7-3E6AB70ADDF7}.Integration|x64.Build.0 = Release|x64
		{56C6D12A-8FF5-4871-A5A7-3E6AB70ADDF7}.Release|Any CPU.ActiveCfg = Release|Any CPU
		{56C6D12A-8FF5-4871-A5A7-3E6AB70ADDF7}.Release|Any CPU.Build.0 = Release|Any CPU
		{56C6D12A-8FF5-4871-A5A7-3E6AB70ADDF7}.Release|x64.ActiveCfg = Release|x64
		{56C6D12A-8FF5-4871-A5A7-3E6AB70ADDF7}.Release|x64.Build.0 = Release|x64
		{CFCC1E6D-003E-405F-8ADE-674594343E63}.Debug|Any CPU.ActiveCfg = Debug|Any CPU
		{CFCC1E6D-003E-405F-8ADE-674594343E63}.Debug|Any CPU.Build.0 = Debug|Any CPU
		{CFCC1E6D-003E-405F-8ADE-674594343E63}.Debug|x64.ActiveCfg = Debug|Any CPU
		{CFCC1E6D-003E-405F-8ADE-674594343E63}.Debug|x64.Build.0 = Debug|Any CPU
		{CFCC1E6D-003E-405F-8ADE-674594343E63}.Integration|Any CPU.ActiveCfg = Release|Any CPU
		{CFCC1E6D-003E-405F-8ADE-674594343E63}.Integration|Any CPU.Build.0 = Release|Any CPU
		{CFCC1E6D-003E-405F-8ADE-674594343E63}.Integration|x64.ActiveCfg = Release|Any CPU
		{CFCC1E6D-003E-405F-8ADE-674594343E63}.Integration|x64.Build.0 = Release|Any CPU
		{CFCC1E6D-003E-405F-8ADE-674594343E63}.Release|Any CPU.ActiveCfg = Release|Any CPU
		{CFCC1E6D-003E-405F-8ADE-674594343E63}.Release|Any CPU.Build.0 = Release|Any CPU
		{CFCC1E6D-003E-405F-8ADE-674594343E63}.Release|x64.ActiveCfg = Release|Any CPU
		{CFCC1E6D-003E-405F-8ADE-674594343E63}.Release|x64.Build.0 = Release|Any CPU
	EndGlobalSection
	GlobalSection(SolutionProperties) = preSolution
		HideSolutionNode = FALSE
	EndGlobalSection
	GlobalSection(NestedProjects) = preSolution
		{4949CA8A-D159-40B2-BAF1-AB19E56C262C} = {FC2D850B-2168-44E5-9A58-A3EE132A3F8D}
		{34A08647-F770-4E81-B2C5-216AF94F6B12} = {FC2D850B-2168-44E5-9A58-A3EE132A3F8D}
		{8DF6A98E-403F-49F5-8C3F-63E8F5992C9D} = {FC2D850B-2168-44E5-9A58-A3EE132A3F8D}
		{1F8CD096-26E0-48BA-89F8-7CA3FEDD908D} = {FC2D850B-2168-44E5-9A58-A3EE132A3F8D}
		{DC21CE3A-F9EC-4B35-B0B0-B59006A18D43} = {FC2D850B-2168-44E5-9A58-A3EE132A3F8D}
		{1FBA950E-79B8-4B74-8FE8-E67C3E2E6C93} = {FC2D850B-2168-44E5-9A58-A3EE132A3F8D}
	EndGlobalSection
	GlobalSection(ExtensibilityGlobals) = postSolution
		SolutionGuid = {F87A2145-1EC9-465A-A21F-452B1C6A4F16}
	EndGlobalSection
EndGlobal
