
Microsoft Visual Studio Solution File, Format Version 12.00
# Visual Studio Version 16
VisualStudioVersion = 16.0.28922.388
MinimumVisualStudioVersion = 10.0.40219.1
Project("{2150E333-8FDC-42A3-9474-1A3956D46DE8}") = "Global", "Global", "{0445F7BE-5D4F-441B-87A9-93835E59ABEB}"
	ProjectSection(SolutionItems) = preProject
		.editorconfig = .editorconfig
		FizzCode.ruleset = FizzCode.ruleset
		README.md = README.md
		Global\TransformConfig.targets = Global\TransformConfig.targets
	EndProjectSection
EndProject
Project("{2150E333-8FDC-42A3-9474-1A3956D46DE8}") = "Tests", "Tests", "{FC2D850B-2168-44E5-9A58-A3EE132A3F8D}"
EndProject
Project("{9A19103F-16F7-4668-BE54-9A1E7A4F7556}") = "DbTools.Common", "DbTools.Common\DbTools.Common.csproj", "{0924C64A-B0D0-48EC-8009-54DBE5EAF7C2}"
EndProject
Project("{9A19103F-16F7-4668-BE54-9A1E7A4F7556}") = "DbTools.Console", "DbTools.Console\DbTools.Console.csproj", "{48C89DBD-03E0-4856-BDFE-AE296AC5EF5F}"
EndProject
Project("{9A19103F-16F7-4668-BE54-9A1E7A4F7556}") = "DbTools.DataDefinition", "DbTools.DataDefinition\DbTools.DataDefinition.csproj", "{4BDC1B10-5868-4ABA-A2A3-B1EC9708B7A8}"
EndProject
Project("{9A19103F-16F7-4668-BE54-9A1E7A4F7556}") = "DbTools.DataDefinitionDocumenter", "DbTools.DataDefinitionDocumenter\DbTools.DataDefinitionDocumenter.csproj", "{C7120C83-7BBC-4B43-B9E2-64FB382A3CDE}"
EndProject
Project("{9A19103F-16F7-4668-BE54-9A1E7A4F7556}") = "DbTools.DataDefinitionExecuter", "DbTools.DataDefinitionExecuter\DbTools.DataDefinitionExecuter.csproj", "{D65AFA4F-AA72-4704-94C6-175A7265174A}"
EndProject
Project("{9A19103F-16F7-4668-BE54-9A1E7A4F7556}") = "DbTools.DataDefinitionGenerator", "DbTools.DataDefinitionGenerator\DbTools.DataDefinitionGenerator.csproj", "{D32C0AA5-AFF5-4012-BD2D-5C18BF849E28}"
EndProject
Project("{9A19103F-16F7-4668-BE54-9A1E7A4F7556}") = "DbTools.DataDefinitionReader", "DbTools.DataDefinitionReader\DbTools.DataDefinitionReader.csproj", "{E1AEEA35-DC5E-4204-A941-3BBD274B167A}"
EndProject
Project("{9A19103F-16F7-4668-BE54-9A1E7A4F7556}") = "DbTools.DataGenerator", "DbTools.DataGenerator\DbTools.DataGenerator.csproj", "{27905E95-7092-4649-A99B-78B22E7A098D}"
EndProject
Project("{9A19103F-16F7-4668-BE54-9A1E7A4F7556}") = "DbTools.TestBase", "DbTools.TestBase\DbTools.TestBase.csproj", "{6BCD2735-C616-4960-8AF4-D79BD7A45602}"
EndProject
Project("{9A19103F-16F7-4668-BE54-9A1E7A4F7556}") = "DbTools.DataDefinition.Tests", "Tests\DbTools.DataDefinition.Tests\DbTools.DataDefinition.Tests.csproj", "{9936F23B-CD9F-42EA-9A46-B4B96CD16304}"
EndProject
Project("{9A19103F-16F7-4668-BE54-9A1E7A4F7556}") = "DbTools.DataDefinitionDocumenter.Tests", "Tests\DbTools.DataDefinitionDocumenter.Tests\DbTools.DataDefinitionDocumenter.Tests.csproj", "{3FF4B200-6057-4D2F-954D-030CDF48C821}"
EndProject
Project("{9A19103F-16F7-4668-BE54-9A1E7A4F7556}") = "DbTools.DataDefinitionExecuter.Tests", "Tests\DbTools.DataDefinitionExecuter.Tests\DbTools.DataDefinitionExecuter.Tests.csproj", "{401D6622-3FBC-43C5-9BBF-BA14F6532A5B}"
EndProject
Project("{9A19103F-16F7-4668-BE54-9A1E7A4F7556}") = "DbTools.DataDefinitionGenerator.Tests", "Tests\DbTools.DataDefinitionGenerator.Tests\DbTools.DataDefinitionGenerator.Tests.csproj", "{88209CDC-62E4-495C-9B83-1857958D40B5}"
EndProject
Project("{9A19103F-16F7-4668-BE54-9A1E7A4F7556}") = "DbTools.DataDefinitionReader.Tests", "Tests\DbTools.DataDefinitionReader.Tests\DbTools.DataDefinitionReader.Tests.csproj", "{84341D96-101A-450B-A41B-D3E17CE53C5A}"
EndProject
Project("{9A19103F-16F7-4668-BE54-9A1E7A4F7556}") = "DbTools.DataGenerator.Tests", "Tests\DbTools.DataGenerator.Tests\DbTools.DataGenerator.Tests.csproj", "{16204090-4BA5-490C-898C-C94EF54FC9FE}"
EndProject
Project("{FAE04EC0-301F-11D3-BF4B-00C04F79EFBC}") = "DbTools.Configuration", "DbTools.Configuration\DbTools.Configuration.csproj", "{2A9A416E-9EFE-4928-BDFB-A5FF074C9002}"
EndProject
Global
	GlobalSection(SolutionConfigurationPlatforms) = preSolution
		Debug|Any CPU = Debug|Any CPU
		Release|Any CPU = Release|Any CPU
	EndGlobalSection
	GlobalSection(ProjectConfigurationPlatforms) = postSolution
		{0924C64A-B0D0-48EC-8009-54DBE5EAF7C2}.Debug|Any CPU.ActiveCfg = Debug|Any CPU
		{0924C64A-B0D0-48EC-8009-54DBE5EAF7C2}.Debug|Any CPU.Build.0 = Debug|Any CPU
		{0924C64A-B0D0-48EC-8009-54DBE5EAF7C2}.Release|Any CPU.ActiveCfg = Release|Any CPU
		{0924C64A-B0D0-48EC-8009-54DBE5EAF7C2}.Release|Any CPU.Build.0 = Release|Any CPU
		{48C89DBD-03E0-4856-BDFE-AE296AC5EF5F}.Debug|Any CPU.ActiveCfg = Debug|Any CPU
		{48C89DBD-03E0-4856-BDFE-AE296AC5EF5F}.Debug|Any CPU.Build.0 = Debug|Any CPU
		{48C89DBD-03E0-4856-BDFE-AE296AC5EF5F}.Release|Any CPU.ActiveCfg = Release|Any CPU
		{48C89DBD-03E0-4856-BDFE-AE296AC5EF5F}.Release|Any CPU.Build.0 = Release|Any CPU
		{4BDC1B10-5868-4ABA-A2A3-B1EC9708B7A8}.Debug|Any CPU.ActiveCfg = Debug|Any CPU
		{4BDC1B10-5868-4ABA-A2A3-B1EC9708B7A8}.Debug|Any CPU.Build.0 = Debug|Any CPU
		{4BDC1B10-5868-4ABA-A2A3-B1EC9708B7A8}.Release|Any CPU.ActiveCfg = Release|Any CPU
		{4BDC1B10-5868-4ABA-A2A3-B1EC9708B7A8}.Release|Any CPU.Build.0 = Release|Any CPU
		{C7120C83-7BBC-4B43-B9E2-64FB382A3CDE}.Debug|Any CPU.ActiveCfg = Debug|Any CPU
		{C7120C83-7BBC-4B43-B9E2-64FB382A3CDE}.Debug|Any CPU.Build.0 = Debug|Any CPU
		{C7120C83-7BBC-4B43-B9E2-64FB382A3CDE}.Release|Any CPU.ActiveCfg = Release|Any CPU
		{C7120C83-7BBC-4B43-B9E2-64FB382A3CDE}.Release|Any CPU.Build.0 = Release|Any CPU
		{D65AFA4F-AA72-4704-94C6-175A7265174A}.Debug|Any CPU.ActiveCfg = Debug|Any CPU
		{D65AFA4F-AA72-4704-94C6-175A7265174A}.Debug|Any CPU.Build.0 = Debug|Any CPU
		{D65AFA4F-AA72-4704-94C6-175A7265174A}.Release|Any CPU.ActiveCfg = Release|Any CPU
		{D65AFA4F-AA72-4704-94C6-175A7265174A}.Release|Any CPU.Build.0 = Release|Any CPU
		{D32C0AA5-AFF5-4012-BD2D-5C18BF849E28}.Debug|Any CPU.ActiveCfg = Debug|Any CPU
		{D32C0AA5-AFF5-4012-BD2D-5C18BF849E28}.Debug|Any CPU.Build.0 = Debug|Any CPU
		{D32C0AA5-AFF5-4012-BD2D-5C18BF849E28}.Release|Any CPU.ActiveCfg = Release|Any CPU
		{D32C0AA5-AFF5-4012-BD2D-5C18BF849E28}.Release|Any CPU.Build.0 = Release|Any CPU
		{E1AEEA35-DC5E-4204-A941-3BBD274B167A}.Debug|Any CPU.ActiveCfg = Debug|Any CPU
		{E1AEEA35-DC5E-4204-A941-3BBD274B167A}.Debug|Any CPU.Build.0 = Debug|Any CPU
		{E1AEEA35-DC5E-4204-A941-3BBD274B167A}.Release|Any CPU.ActiveCfg = Release|Any CPU
		{E1AEEA35-DC5E-4204-A941-3BBD274B167A}.Release|Any CPU.Build.0 = Release|Any CPU
		{27905E95-7092-4649-A99B-78B22E7A098D}.Debug|Any CPU.ActiveCfg = Debug|Any CPU
		{27905E95-7092-4649-A99B-78B22E7A098D}.Debug|Any CPU.Build.0 = Debug|Any CPU
		{27905E95-7092-4649-A99B-78B22E7A098D}.Release|Any CPU.ActiveCfg = Release|Any CPU
		{27905E95-7092-4649-A99B-78B22E7A098D}.Release|Any CPU.Build.0 = Release|Any CPU
		{6BCD2735-C616-4960-8AF4-D79BD7A45602}.Debug|Any CPU.ActiveCfg = Debug|Any CPU
		{6BCD2735-C616-4960-8AF4-D79BD7A45602}.Debug|Any CPU.Build.0 = Debug|Any CPU
		{6BCD2735-C616-4960-8AF4-D79BD7A45602}.Release|Any CPU.ActiveCfg = Release|Any CPU
		{6BCD2735-C616-4960-8AF4-D79BD7A45602}.Release|Any CPU.Build.0 = Release|Any CPU
		{9936F23B-CD9F-42EA-9A46-B4B96CD16304}.Debug|Any CPU.ActiveCfg = Debug|Any CPU
		{9936F23B-CD9F-42EA-9A46-B4B96CD16304}.Debug|Any CPU.Build.0 = Debug|Any CPU
		{9936F23B-CD9F-42EA-9A46-B4B96CD16304}.Release|Any CPU.ActiveCfg = Release|Any CPU
		{9936F23B-CD9F-42EA-9A46-B4B96CD16304}.Release|Any CPU.Build.0 = Release|Any CPU
		{3FF4B200-6057-4D2F-954D-030CDF48C821}.Debug|Any CPU.ActiveCfg = Debug|Any CPU
		{3FF4B200-6057-4D2F-954D-030CDF48C821}.Debug|Any CPU.Build.0 = Debug|Any CPU
		{3FF4B200-6057-4D2F-954D-030CDF48C821}.Release|Any CPU.ActiveCfg = Release|Any CPU
		{3FF4B200-6057-4D2F-954D-030CDF48C821}.Release|Any CPU.Build.0 = Release|Any CPU
		{401D6622-3FBC-43C5-9BBF-BA14F6532A5B}.Debug|Any CPU.ActiveCfg = Debug|Any CPU
		{401D6622-3FBC-43C5-9BBF-BA14F6532A5B}.Debug|Any CPU.Build.0 = Debug|Any CPU
		{401D6622-3FBC-43C5-9BBF-BA14F6532A5B}.Release|Any CPU.ActiveCfg = Release|Any CPU
		{401D6622-3FBC-43C5-9BBF-BA14F6532A5B}.Release|Any CPU.Build.0 = Release|Any CPU
		{88209CDC-62E4-495C-9B83-1857958D40B5}.Debug|Any CPU.ActiveCfg = Debug|Any CPU
		{88209CDC-62E4-495C-9B83-1857958D40B5}.Debug|Any CPU.Build.0 = Debug|Any CPU
		{88209CDC-62E4-495C-9B83-1857958D40B5}.Release|Any CPU.ActiveCfg = Release|Any CPU
		{88209CDC-62E4-495C-9B83-1857958D40B5}.Release|Any CPU.Build.0 = Release|Any CPU
		{84341D96-101A-450B-A41B-D3E17CE53C5A}.Debug|Any CPU.ActiveCfg = Debug|Any CPU
		{84341D96-101A-450B-A41B-D3E17CE53C5A}.Debug|Any CPU.Build.0 = Debug|Any CPU
		{84341D96-101A-450B-A41B-D3E17CE53C5A}.Release|Any CPU.ActiveCfg = Release|Any CPU
		{84341D96-101A-450B-A41B-D3E17CE53C5A}.Release|Any CPU.Build.0 = Release|Any CPU
		{16204090-4BA5-490C-898C-C94EF54FC9FE}.Debug|Any CPU.ActiveCfg = Debug|Any CPU
		{16204090-4BA5-490C-898C-C94EF54FC9FE}.Debug|Any CPU.Build.0 = Debug|Any CPU
		{16204090-4BA5-490C-898C-C94EF54FC9FE}.Release|Any CPU.ActiveCfg = Release|Any CPU
		{16204090-4BA5-490C-898C-C94EF54FC9FE}.Release|Any CPU.Build.0 = Release|Any CPU
		{2A9A416E-9EFE-4928-BDFB-A5FF074C9002}.Debug|Any CPU.ActiveCfg = Debug|Any CPU
		{2A9A416E-9EFE-4928-BDFB-A5FF074C9002}.Debug|Any CPU.Build.0 = Debug|Any CPU
		{2A9A416E-9EFE-4928-BDFB-A5FF074C9002}.Release|Any CPU.ActiveCfg = Release|Any CPU
		{2A9A416E-9EFE-4928-BDFB-A5FF074C9002}.Release|Any CPU.Build.0 = Release|Any CPU
	EndGlobalSection
	GlobalSection(SolutionProperties) = preSolution
		HideSolutionNode = FALSE
	EndGlobalSection
	GlobalSection(NestedProjects) = preSolution
		{9936F23B-CD9F-42EA-9A46-B4B96CD16304} = {FC2D850B-2168-44E5-9A58-A3EE132A3F8D}
		{3FF4B200-6057-4D2F-954D-030CDF48C821} = {FC2D850B-2168-44E5-9A58-A3EE132A3F8D}
		{401D6622-3FBC-43C5-9BBF-BA14F6532A5B} = {FC2D850B-2168-44E5-9A58-A3EE132A3F8D}
		{88209CDC-62E4-495C-9B83-1857958D40B5} = {FC2D850B-2168-44E5-9A58-A3EE132A3F8D}
		{84341D96-101A-450B-A41B-D3E17CE53C5A} = {FC2D850B-2168-44E5-9A58-A3EE132A3F8D}
		{16204090-4BA5-490C-898C-C94EF54FC9FE} = {FC2D850B-2168-44E5-9A58-A3EE132A3F8D}
	EndGlobalSection
	GlobalSection(ExtensibilityGlobals) = postSolution
		SolutionGuid = {F87A2145-1EC9-465A-A21F-452B1C6A4F16}
	EndGlobalSection
EndGlobal
