
Microsoft Visual Studio Solution File, Format Version 12.00
# Visual Studio Version 17
VisualStudioVersion = 17.0.31903.59
MinimumVisualStudioVersion = 10.0.40219.1
Project("{2150E333-8FDC-42A3-9474-1A3956D46DE8}") = "Global", "Global", "{0445F7BE-5D4F-441B-87A9-93835E59ABEB}"
	ProjectSection(SolutionItems) = preProject
		.editorconfig = .editorconfig
		FizzCode.ruleset = FizzCode.ruleset
		README.md = README.md
	EndProjectSection
EndProject
Project("{2150E333-8FDC-42A3-9474-1A3956D46DE8}") = "Tests", "Tests", "{FC2D850B-2168-44E5-9A58-A3EE132A3F8D}"
	ProjectSection(SolutionItems) = preProject
		Tests\test.runsettings = Tests\test.runsettings
	EndProjectSection
EndProject
Project("{9A19103F-16F7-4668-BE54-9A1E7A4F7556}") = "DbTools.Common", "DbTools.Common\DbTools.Common.csproj", "{0924C64A-B0D0-48EC-8009-54DBE5EAF7C2}"
EndProject
Project("{9A19103F-16F7-4668-BE54-9A1E7A4F7556}") = "DbTools.Console", "DbTools.Console\DbTools.Console.csproj", "{48C89DBD-03E0-4856-BDFE-AE296AC5EF5F}"
EndProject
Project("{9A19103F-16F7-4668-BE54-9A1E7A4F7556}") = "DbTools.DataDefinition", "DbTools.DataDefinition\DbTools.DataDefinition.csproj", "{4BDC1B10-5868-4ABA-A2A3-B1EC9708B7A8}"
EndProject
Project("{9A19103F-16F7-4668-BE54-9A1E7A4F7556}") = "DbTools.DataDefinitionDocumenter", "DbTools.DataDefinitionDocumenter\DbTools.DataDefinitionDocumenter.csproj", "{C7120C83-7BBC-4B43-B9E2-64FB382A3CDE}"
EndProject
Project("{9A19103F-16F7-4668-BE54-9A1E7A4F7556}") = "DbTools.SqlExecuter", "DbTools.SqlExecuter\DbTools.SqlExecuter.csproj", "{D65AFA4F-AA72-4704-94C6-175A7265174A}"
EndProject
Project("{9A19103F-16F7-4668-BE54-9A1E7A4F7556}") = "DbTools.DataDefinition.SqlGenerator", "DbTools.DataDefinition.SqlGenerator\DbTools.DataDefinition.SqlGenerator.csproj", "{D32C0AA5-AFF5-4012-BD2D-5C18BF849E28}"
EndProject
Project("{9A19103F-16F7-4668-BE54-9A1E7A4F7556}") = "DbTools.DataDefinitionReader", "DbTools.DataDefinitionReader\DbTools.DataDefinitionReader.csproj", "{E1AEEA35-DC5E-4204-A941-3BBD274B167A}"
EndProject
Project("{9A19103F-16F7-4668-BE54-9A1E7A4F7556}") = "DbTools.DataGenerator", "DbTools.DataGenerator\DbTools.DataGenerator.csproj", "{27905E95-7092-4649-A99B-78B22E7A098D}"
EndProject
Project("{9A19103F-16F7-4668-BE54-9A1E7A4F7556}") = "DbTools.TestBase", "DbTools.TestBase\DbTools.TestBase.csproj", "{6BCD2735-C616-4960-8AF4-D79BD7A45602}"
EndProject
Project("{9A19103F-16F7-4668-BE54-9A1E7A4F7556}") = "DbTools.DataDefinition.Tests", "Tests\DbTools.DataDefinition.Tests\DbTools.DataDefinition.Tests.csproj", "{9936F23B-CD9F-42EA-9A46-B4B96CD16304}"
EndProject
Project("{9A19103F-16F7-4668-BE54-9A1E7A4F7556}") = "DbTools.DataDefinitionDocumenter.Tests", "Tests\DbTools.DataDefinitionDocumenter.Tests\DbTools.DataDefinitionDocumenter.Tests.csproj", "{3FF4B200-6057-4D2F-954D-030CDF48C821}"
EndProject
Project("{9A19103F-16F7-4668-BE54-9A1E7A4F7556}") = "DbTools.DataDefinition.SqlExecuter.Tests", "Tests\Integration\DbTools.DataDefinition.SqlExecuter.Tests\DbTools.DataDefinition.SqlExecuter.Tests.csproj", "{401D6622-3FBC-43C5-9BBF-BA14F6532A5B}"
EndProject
Project("{9A19103F-16F7-4668-BE54-9A1E7A4F7556}") = "DbTools.DataDefinition.SqlGenerator.Tests", "Tests\DbTools.DataDefinitionGenerator.Tests\DbTools.DataDefinition.SqlGenerator.Tests.csproj", "{88209CDC-62E4-495C-9B83-1857958D40B5}"
EndProject
Project("{9A19103F-16F7-4668-BE54-9A1E7A4F7556}") = "DbTools.DataDefinitionReader.Tests", "Tests\Integration\DbTools.DataDefinitionReader.Tests\DbTools.DataDefinitionReader.Tests.csproj", "{84341D96-101A-450B-A41B-D3E17CE53C5A}"
EndProject
Project("{9A19103F-16F7-4668-BE54-9A1E7A4F7556}") = "DbTools.DataGenerator.Tests", "Tests\DbTools.DataGenerator.Tests\DbTools.DataGenerator.Tests.csproj", "{16204090-4BA5-490C-898C-C94EF54FC9FE}"
EndProject
Project("{9A19103F-16F7-4668-BE54-9A1E7A4F7556}") = "DbTools.Configuration", "DbTools.Configuration\DbTools.Configuration.csproj", "{2A9A416E-9EFE-4928-BDFB-A5FF074C9002}"
EndProject
Project("{9A19103F-16F7-4668-BE54-9A1E7A4F7556}") = "DbTools.Tabular", "DbTools.Tabular\DbTools.Tabular.csproj", "{B52E947E-10D7-48A3-B805-C01833EDCD53}"
EndProject
Project("{9A19103F-16F7-4668-BE54-9A1E7A4F7556}") = "DbTools.DataDefinitionExecuterMigrationIntegration.Tests", "Tests\Integration\DbTools.DataDefinitionExecuterMigrationIntegration.Tests\DbTools.DataDefinitionExecuterMigrationIntegration.Tests.csproj", "{D4D31827-17B7-45D7-BB6C-568C38CCDE84}"
EndProject
Project("{9A19103F-16F7-4668-BE54-9A1E7A4F7556}") = "DbTools.DataDefinition.MsSql", "Implementation\DbTools.DataDefinition.MsSql\DbTools.DataDefinition.MsSql.csproj", "{4C79E665-85EE-4A83-817A-C814E92D18F1}"
EndProject
Project("{9A19103F-16F7-4668-BE54-9A1E7A4F7556}") = "DbTools.DataDefinition.Oracle", "Implementation\DbTools.DataDefinition.Oracle\DbTools.DataDefinition.Oracle.csproj", "{D974B5C6-1E2D-41C3-8E2E-5BE2021FEB4D}"
EndProject
Project("{9A19103F-16F7-4668-BE54-9A1E7A4F7556}") = "DbTools.DataDefinition.SqLite", "Implementation\DbTools.DataDefinition.SqLite\DbTools.DataDefinition.SqLite.csproj", "{61175153-DD2E-4A6B-BECA-3648FAAAEF8E}"
EndProject
Project("{9A19103F-16F7-4668-BE54-9A1E7A4F7556}") = "DbTools.DataDefinition.Factory", "DbTools.DataDefinition.Factory\DbTools.DataDefinition.Factory.csproj", "{4BAD1366-510A-47A7-A0D8-4B057DCBF64A}"
EndProject
Project("{9A19103F-16F7-4668-BE54-9A1E7A4F7556}") = "DbTools.QueryBuilder", "DbTools.QueryBuilder\DbTools.QueryBuilder.csproj", "{7C8358BA-7809-42DB-9BEC-A5A769024C1A}"
EndProject
Project("{9A19103F-16F7-4668-BE54-9A1E7A4F7556}") = "DbTools.QueryBuilder.Tests", "Tests\DbTools.QueryBuilder.Tests\DbTools.QueryBuilder.Tests.csproj", "{7219150D-2272-4124-91C3-EA639A9D5082}"
EndProject
Project("{9A19103F-16F7-4668-BE54-9A1E7A4F7556}") = "DbTools.DataDefinition.Sp.Tests", "Tests\Integration\DbTools.DataDefinition.Sp.Tests\DbTools.DataDefinition.Sp.Tests.csproj", "{1F4B0A07-7D90-41FC-8BBA-AAE181E4C981}"
EndProject
Project("{9A19103F-16F7-4668-BE54-9A1E7A4F7556}") = "DbTools.QueryBuilder.Interface", "DbTools.QueryBuilder.Interface\DbTools.QueryBuilder.Interface.csproj", "{EFF0BE20-4522-4339-B753-5E83DCE64127}"
EndProject
Project("{9A19103F-16F7-4668-BE54-9A1E7A4F7556}") = "DbTools.DataDefinition.View.Tests", "Tests\Integration\DbTools.DataDefinition.View.Tests\DbTools.DataDefinition.View.Tests.csproj", "{AF2A42CF-A6B5-4F6F-BE1B-A7265A3F2C3D}"
EndProject
Project("{9A19103F-16F7-4668-BE54-9A1E7A4F7556}") = "DbTools.DataDeclaration", "DbTools.DataDeclaration\DbTools.DataDeclaration.csproj", "{79FB9F1D-66EB-4C33-9AF4-F1D4948693C4}"
EndProject
Project("{9A19103F-16F7-4668-BE54-9A1E7A4F7556}") = "DbTools.DataDefinition.Base", "DbTools.DataDefinition.Base\DbTools.DataDefinition.Base.csproj", "{DD14A6E0-64D2-456B-B282-C1279B618111}"
EndProject
Project("{2150E333-8FDC-42A3-9474-1A3956D46DE8}") = "Integration", "Integration", "{09B5E37C-9ABB-4A34-9661-72F4E4F3E8D5}"
EndProject
Project("{9A19103F-16F7-4668-BE54-9A1E7A4F7556}") = "DbTools.SqlGenerator.MsSql", "Implementation\DbTools.SqlGenerator.MsSql\DbTools.SqlGenerator.MsSql.csproj", "{6DD9A53D-D90E-4039-87CC-FF3DAEC6DB27}"
EndProject
Project("{2150E333-8FDC-42A3-9474-1A3956D46DE8}") = "Implementation", "Implementation", "{FAB0BE39-893D-4589-88A1-CFCD726D6146}"
EndProject
Project("{9A19103F-16F7-4668-BE54-9A1E7A4F7556}") = "DbTools.SqlExecuter.MsSql", "Implementation\DbTools.SqlExecuter.MsSql\DbTools.SqlExecuter.MsSql.csproj", "{8B65BC75-EEE1-45D9-A467-CB4135F423BC}"
EndProject
Project("{9A19103F-16F7-4668-BE54-9A1E7A4F7556}") = "DbTools.SqlExecuter.Oracle", "Implementation\DbTools.SqlExecuter.Oracle\DbTools.SqlExecuter.Oracle.csproj", "{1340F306-0489-4EAA-B5EE-4D1EF1834F1E}"
EndProject
Project("{9A19103F-16F7-4668-BE54-9A1E7A4F7556}") = "DbTools.SqlExecuter.SqLite", "Implementation\DbTools.SqlExecuter.SqLite\DbTools.SqlExecuter.SqLite.csproj", "{809B9C7E-0FBE-4731-9129-B0A754306007}"
EndProject
Project("{9A19103F-16F7-4668-BE54-9A1E7A4F7556}") = "DbTools.SqlGenerator.Oracle", "Implementation\DbTools.SqlGenerator.Oracle\DbTools.SqlGenerator.Oracle.csproj", "{78441E6A-F72D-4FD2-8AF9-2BBA335FC519}"
EndProject
Project("{9A19103F-16F7-4668-BE54-9A1E7A4F7556}") = "DbTools.SqlGenerator.SqLite", "Implementation\DbTools.SqlGenerator.SqLite\DbTools.SqlGenerator.SqLite.csproj", "{D18623C5-CF58-4DE9-9A5D-E3BD889F2AE1}"
EndProject
Project("{9A19103F-16F7-4668-BE54-9A1E7A4F7556}") = "DbTools.SqlGenerator.Base", "DbTools.SqlGenerator.Base\DbTools.SqlGenerator.Base.csproj", "{4C958FE1-F450-4554-8BE6-6556B59FAA8C}"
EndProject
Project("{9A19103F-16F7-4668-BE54-9A1E7A4F7556}") = "DbTools.Factory", "DbTools.Factory\DbTools.Factory.csproj", "{EE028584-0C74-474F-9347-5A8CA95EE9AE}"
EndProject
Project("{9A19103F-16F7-4668-BE54-9A1E7A4F7556}") = "DbTools.Factory.Interfaces", "DbTools.Factory.Interfaces\DbTools.Factory.Interfaces.csproj", "{DA13B110-4341-4DA8-A352-6AF9CA6C8914}"
EndProject
Project("{9A19103F-16F7-4668-BE54-9A1E7A4F7556}") = "DbTools.Factory.Collections", "DbTools.Factory.Collections\DbTools.Factory.Collections.csproj", "{F73C3B5C-14C7-4CE0-A126-AA0293226C7C}"
EndProject
Project("{9A19103F-16F7-4668-BE54-9A1E7A4F7556}") = "DbTools.DataDefinition.Factory.Interfaces", "DbTools.DataDefinition.Factory.Interfaces\DbTools.DataDefinition.Factory.Interfaces.csproj", "{7BCA9862-4B37-4A0E-8610-AEA04233FE71}"
EndProject
Project("{9A19103F-16F7-4668-BE54-9A1E7A4F7556}") = "DbTools.DataDefinition.Base.Interfaces", "DbTools.DataDefinition.Base.Interfaces\DbTools.DataDefinition.Base.Interfaces.csproj", "{21BFC844-13C4-4D86-90E4-3F9DF6AF74C6}"
EndProject
Project("{FAE04EC0-301F-11D3-BF4B-00C04F79EFBC}") = "DbTools.Interfaces", "DbTools.Interfaces\DbTools.Interfaces.csproj", "{72D75FBF-4C23-48E5-9DB1-B201CB43ED87}"
EndProject
Global
	GlobalSection(SolutionConfigurationPlatforms) = preSolution
		Debug|Any CPU = Debug|Any CPU
		Release|Any CPU = Release|Any CPU
	EndGlobalSection
	GlobalSection(ProjectConfigurationPlatforms) = postSolution
		{0924C64A-B0D0-48EC-8009-54DBE5EAF7C2}.Debug|Any CPU.ActiveCfg = Debug|Any CPU
		{0924C64A-B0D0-48EC-8009-54DBE5EAF7C2}.Debug|Any CPU.Build.0 = Debug|Any CPU
		{0924C64A-B0D0-48EC-8009-54DBE5EAF7C2}.Release|Any CPU.ActiveCfg = Release|Any CPU
		{0924C64A-B0D0-48EC-8009-54DBE5EAF7C2}.Release|Any CPU.Build.0 = Release|Any CPU
		{48C89DBD-03E0-4856-BDFE-AE296AC5EF5F}.Debug|Any CPU.ActiveCfg = Debug|Any CPU
		{48C89DBD-03E0-4856-BDFE-AE296AC5EF5F}.Debug|Any CPU.Build.0 = Debug|Any CPU
		{48C89DBD-03E0-4856-BDFE-AE296AC5EF5F}.Release|Any CPU.ActiveCfg = Release|Any CPU
		{48C89DBD-03E0-4856-BDFE-AE296AC5EF5F}.Release|Any CPU.Build.0 = Release|Any CPU
		{4BDC1B10-5868-4ABA-A2A3-B1EC9708B7A8}.Debug|Any CPU.ActiveCfg = Debug|Any CPU
		{4BDC1B10-5868-4ABA-A2A3-B1EC9708B7A8}.Debug|Any CPU.Build.0 = Debug|Any CPU
		{4BDC1B10-5868-4ABA-A2A3-B1EC9708B7A8}.Release|Any CPU.ActiveCfg = Release|Any CPU
		{4BDC1B10-5868-4ABA-A2A3-B1EC9708B7A8}.Release|Any CPU.Build.0 = Release|Any CPU
		{C7120C83-7BBC-4B43-B9E2-64FB382A3CDE}.Debug|Any CPU.ActiveCfg = Debug|Any CPU
		{C7120C83-7BBC-4B43-B9E2-64FB382A3CDE}.Debug|Any CPU.Build.0 = Debug|Any CPU
		{C7120C83-7BBC-4B43-B9E2-64FB382A3CDE}.Release|Any CPU.ActiveCfg = Release|Any CPU
		{C7120C83-7BBC-4B43-B9E2-64FB382A3CDE}.Release|Any CPU.Build.0 = Release|Any CPU
		{D65AFA4F-AA72-4704-94C6-175A7265174A}.Debug|Any CPU.ActiveCfg = Debug|Any CPU
		{D65AFA4F-AA72-4704-94C6-175A7265174A}.Debug|Any CPU.Build.0 = Debug|Any CPU
		{D65AFA4F-AA72-4704-94C6-175A7265174A}.Release|Any CPU.ActiveCfg = Release|Any CPU
		{D65AFA4F-AA72-4704-94C6-175A7265174A}.Release|Any CPU.Build.0 = Release|Any CPU
		{D32C0AA5-AFF5-4012-BD2D-5C18BF849E28}.Debug|Any CPU.ActiveCfg = Debug|Any CPU
		{D32C0AA5-AFF5-4012-BD2D-5C18BF849E28}.Debug|Any CPU.Build.0 = Debug|Any CPU
		{D32C0AA5-AFF5-4012-BD2D-5C18BF849E28}.Release|Any CPU.ActiveCfg = Release|Any CPU
		{D32C0AA5-AFF5-4012-BD2D-5C18BF849E28}.Release|Any CPU.Build.0 = Release|Any CPU
		{E1AEEA35-DC5E-4204-A941-3BBD274B167A}.Debug|Any CPU.ActiveCfg = Debug|Any CPU
		{E1AEEA35-DC5E-4204-A941-3BBD274B167A}.Debug|Any CPU.Build.0 = Debug|Any CPU
		{E1AEEA35-DC5E-4204-A941-3BBD274B167A}.Release|Any CPU.ActiveCfg = Release|Any CPU
		{E1AEEA35-DC5E-4204-A941-3BBD274B167A}.Release|Any CPU.Build.0 = Release|Any CPU
		{27905E95-7092-4649-A99B-78B22E7A098D}.Debug|Any CPU.ActiveCfg = Debug|Any CPU
		{27905E95-7092-4649-A99B-78B22E7A098D}.Debug|Any CPU.Build.0 = Debug|Any CPU
		{27905E95-7092-4649-A99B-78B22E7A098D}.Release|Any CPU.ActiveCfg = Release|Any CPU
		{27905E95-7092-4649-A99B-78B22E7A098D}.Release|Any CPU.Build.0 = Release|Any CPU
		{6BCD2735-C616-4960-8AF4-D79BD7A45602}.Debug|Any CPU.ActiveCfg = Debug|Any CPU
		{6BCD2735-C616-4960-8AF4-D79BD7A45602}.Debug|Any CPU.Build.0 = Debug|Any CPU
		{6BCD2735-C616-4960-8AF4-D79BD7A45602}.Release|Any CPU.ActiveCfg = Release|Any CPU
		{6BCD2735-C616-4960-8AF4-D79BD7A45602}.Release|Any CPU.Build.0 = Release|Any CPU
		{9936F23B-CD9F-42EA-9A46-B4B96CD16304}.Debug|Any CPU.ActiveCfg = Debug|Any CPU
		{9936F23B-CD9F-42EA-9A46-B4B96CD16304}.Debug|Any CPU.Build.0 = Debug|Any CPU
		{9936F23B-CD9F-42EA-9A46-B4B96CD16304}.Release|Any CPU.ActiveCfg = Release|Any CPU
		{9936F23B-CD9F-42EA-9A46-B4B96CD16304}.Release|Any CPU.Build.0 = Release|Any CPU
		{3FF4B200-6057-4D2F-954D-030CDF48C821}.Debug|Any CPU.ActiveCfg = Debug|Any CPU
		{3FF4B200-6057-4D2F-954D-030CDF48C821}.Debug|Any CPU.Build.0 = Debug|Any CPU
		{3FF4B200-6057-4D2F-954D-030CDF48C821}.Release|Any CPU.ActiveCfg = Release|Any CPU
		{3FF4B200-6057-4D2F-954D-030CDF48C821}.Release|Any CPU.Build.0 = Release|Any CPU
		{401D6622-3FBC-43C5-9BBF-BA14F6532A5B}.Debug|Any CPU.ActiveCfg = Debug|Any CPU
		{401D6622-3FBC-43C5-9BBF-BA14F6532A5B}.Debug|Any CPU.Build.0 = Debug|Any CPU
		{401D6622-3FBC-43C5-9BBF-BA14F6532A5B}.Release|Any CPU.ActiveCfg = Release|Any CPU
		{401D6622-3FBC-43C5-9BBF-BA14F6532A5B}.Release|Any CPU.Build.0 = Release|Any CPU
		{88209CDC-62E4-495C-9B83-1857958D40B5}.Debug|Any CPU.ActiveCfg = Debug|Any CPU
		{88209CDC-62E4-495C-9B83-1857958D40B5}.Debug|Any CPU.Build.0 = Debug|Any CPU
		{88209CDC-62E4-495C-9B83-1857958D40B5}.Release|Any CPU.ActiveCfg = Release|Any CPU
		{88209CDC-62E4-495C-9B83-1857958D40B5}.Release|Any CPU.Build.0 = Release|Any CPU
		{84341D96-101A-450B-A41B-D3E17CE53C5A}.Debug|Any CPU.ActiveCfg = Debug|Any CPU
		{84341D96-101A-450B-A41B-D3E17CE53C5A}.Debug|Any CPU.Build.0 = Debug|Any CPU
		{84341D96-101A-450B-A41B-D3E17CE53C5A}.Release|Any CPU.ActiveCfg = Release|Any CPU
		{84341D96-101A-450B-A41B-D3E17CE53C5A}.Release|Any CPU.Build.0 = Release|Any CPU
		{16204090-4BA5-490C-898C-C94EF54FC9FE}.Debug|Any CPU.ActiveCfg = Debug|Any CPU
		{16204090-4BA5-490C-898C-C94EF54FC9FE}.Debug|Any CPU.Build.0 = Debug|Any CPU
		{16204090-4BA5-490C-898C-C94EF54FC9FE}.Release|Any CPU.ActiveCfg = Release|Any CPU
		{16204090-4BA5-490C-898C-C94EF54FC9FE}.Release|Any CPU.Build.0 = Release|Any CPU
		{2A9A416E-9EFE-4928-BDFB-A5FF074C9002}.Debug|Any CPU.ActiveCfg = Debug|Any CPU
		{2A9A416E-9EFE-4928-BDFB-A5FF074C9002}.Debug|Any CPU.Build.0 = Debug|Any CPU
		{2A9A416E-9EFE-4928-BDFB-A5FF074C9002}.Release|Any CPU.ActiveCfg = Release|Any CPU
		{2A9A416E-9EFE-4928-BDFB-A5FF074C9002}.Release|Any CPU.Build.0 = Release|Any CPU
		{B52E947E-10D7-48A3-B805-C01833EDCD53}.Debug|Any CPU.ActiveCfg = Debug|Any CPU
		{B52E947E-10D7-48A3-B805-C01833EDCD53}.Debug|Any CPU.Build.0 = Debug|Any CPU
		{B52E947E-10D7-48A3-B805-C01833EDCD53}.Release|Any CPU.ActiveCfg = Release|Any CPU
		{B52E947E-10D7-48A3-B805-C01833EDCD53}.Release|Any CPU.Build.0 = Release|Any CPU
		{D4D31827-17B7-45D7-BB6C-568C38CCDE84}.Debug|Any CPU.ActiveCfg = Debug|Any CPU
		{D4D31827-17B7-45D7-BB6C-568C38CCDE84}.Debug|Any CPU.Build.0 = Debug|Any CPU
		{D4D31827-17B7-45D7-BB6C-568C38CCDE84}.Release|Any CPU.ActiveCfg = Release|Any CPU
		{D4D31827-17B7-45D7-BB6C-568C38CCDE84}.Release|Any CPU.Build.0 = Release|Any CPU
		{4C79E665-85EE-4A83-817A-C814E92D18F1}.Debug|Any CPU.ActiveCfg = Debug|Any CPU
		{4C79E665-85EE-4A83-817A-C814E92D18F1}.Debug|Any CPU.Build.0 = Debug|Any CPU
		{4C79E665-85EE-4A83-817A-C814E92D18F1}.Release|Any CPU.ActiveCfg = Release|Any CPU
		{4C79E665-85EE-4A83-817A-C814E92D18F1}.Release|Any CPU.Build.0 = Release|Any CPU
		{D974B5C6-1E2D-41C3-8E2E-5BE2021FEB4D}.Debug|Any CPU.ActiveCfg = Debug|Any CPU
		{D974B5C6-1E2D-41C3-8E2E-5BE2021FEB4D}.Debug|Any CPU.Build.0 = Debug|Any CPU
		{D974B5C6-1E2D-41C3-8E2E-5BE2021FEB4D}.Release|Any CPU.ActiveCfg = Release|Any CPU
		{D974B5C6-1E2D-41C3-8E2E-5BE2021FEB4D}.Release|Any CPU.Build.0 = Release|Any CPU
		{61175153-DD2E-4A6B-BECA-3648FAAAEF8E}.Debug|Any CPU.ActiveCfg = Debug|Any CPU
		{61175153-DD2E-4A6B-BECA-3648FAAAEF8E}.Debug|Any CPU.Build.0 = Debug|Any CPU
		{61175153-DD2E-4A6B-BECA-3648FAAAEF8E}.Release|Any CPU.ActiveCfg = Release|Any CPU
		{61175153-DD2E-4A6B-BECA-3648FAAAEF8E}.Release|Any CPU.Build.0 = Release|Any CPU
		{4BAD1366-510A-47A7-A0D8-4B057DCBF64A}.Debug|Any CPU.ActiveCfg = Debug|Any CPU
		{4BAD1366-510A-47A7-A0D8-4B057DCBF64A}.Debug|Any CPU.Build.0 = Debug|Any CPU
		{4BAD1366-510A-47A7-A0D8-4B057DCBF64A}.Release|Any CPU.ActiveCfg = Release|Any CPU
		{4BAD1366-510A-47A7-A0D8-4B057DCBF64A}.Release|Any CPU.Build.0 = Release|Any CPU
		{7C8358BA-7809-42DB-9BEC-A5A769024C1A}.Debug|Any CPU.ActiveCfg = Debug|Any CPU
		{7C8358BA-7809-42DB-9BEC-A5A769024C1A}.Debug|Any CPU.Build.0 = Debug|Any CPU
		{7C8358BA-7809-42DB-9BEC-A5A769024C1A}.Release|Any CPU.ActiveCfg = Release|Any CPU
		{7C8358BA-7809-42DB-9BEC-A5A769024C1A}.Release|Any CPU.Build.0 = Release|Any CPU
		{7219150D-2272-4124-91C3-EA639A9D5082}.Debug|Any CPU.ActiveCfg = Debug|Any CPU
		{7219150D-2272-4124-91C3-EA639A9D5082}.Debug|Any CPU.Build.0 = Debug|Any CPU
		{7219150D-2272-4124-91C3-EA639A9D5082}.Release|Any CPU.ActiveCfg = Release|Any CPU
		{7219150D-2272-4124-91C3-EA639A9D5082}.Release|Any CPU.Build.0 = Release|Any CPU
		{1F4B0A07-7D90-41FC-8BBA-AAE181E4C981}.Debug|Any CPU.ActiveCfg = Debug|Any CPU
		{1F4B0A07-7D90-41FC-8BBA-AAE181E4C981}.Debug|Any CPU.Build.0 = Debug|Any CPU
		{1F4B0A07-7D90-41FC-8BBA-AAE181E4C981}.Release|Any CPU.ActiveCfg = Release|Any CPU
		{1F4B0A07-7D90-41FC-8BBA-AAE181E4C981}.Release|Any CPU.Build.0 = Release|Any CPU
		{EFF0BE20-4522-4339-B753-5E83DCE64127}.Debug|Any CPU.ActiveCfg = Debug|Any CPU
		{EFF0BE20-4522-4339-B753-5E83DCE64127}.Debug|Any CPU.Build.0 = Debug|Any CPU
		{EFF0BE20-4522-4339-B753-5E83DCE64127}.Release|Any CPU.ActiveCfg = Release|Any CPU
		{EFF0BE20-4522-4339-B753-5E83DCE64127}.Release|Any CPU.Build.0 = Release|Any CPU
		{AF2A42CF-A6B5-4F6F-BE1B-A7265A3F2C3D}.Debug|Any CPU.ActiveCfg = Debug|Any CPU
		{AF2A42CF-A6B5-4F6F-BE1B-A7265A3F2C3D}.Debug|Any CPU.Build.0 = Debug|Any CPU
		{AF2A42CF-A6B5-4F6F-BE1B-A7265A3F2C3D}.Release|Any CPU.ActiveCfg = Release|Any CPU
		{AF2A42CF-A6B5-4F6F-BE1B-A7265A3F2C3D}.Release|Any CPU.Build.0 = Release|Any CPU
		{79FB9F1D-66EB-4C33-9AF4-F1D4948693C4}.Debug|Any CPU.ActiveCfg = Debug|Any CPU
		{79FB9F1D-66EB-4C33-9AF4-F1D4948693C4}.Debug|Any CPU.Build.0 = Debug|Any CPU
		{79FB9F1D-66EB-4C33-9AF4-F1D4948693C4}.Release|Any CPU.ActiveCfg = Release|Any CPU
		{79FB9F1D-66EB-4C33-9AF4-F1D4948693C4}.Release|Any CPU.Build.0 = Release|Any CPU
		{DD14A6E0-64D2-456B-B282-C1279B618111}.Debug|Any CPU.ActiveCfg = Debug|Any CPU
		{DD14A6E0-64D2-456B-B282-C1279B618111}.Debug|Any CPU.Build.0 = Debug|Any CPU
		{DD14A6E0-64D2-456B-B282-C1279B618111}.Release|Any CPU.ActiveCfg = Release|Any CPU
		{DD14A6E0-64D2-456B-B282-C1279B618111}.Release|Any CPU.Build.0 = Release|Any CPU
		{6DD9A53D-D90E-4039-87CC-FF3DAEC6DB27}.Debug|Any CPU.ActiveCfg = Debug|Any CPU
		{6DD9A53D-D90E-4039-87CC-FF3DAEC6DB27}.Debug|Any CPU.Build.0 = Debug|Any CPU
		{6DD9A53D-D90E-4039-87CC-FF3DAEC6DB27}.Release|Any CPU.ActiveCfg = Release|Any CPU
		{6DD9A53D-D90E-4039-87CC-FF3DAEC6DB27}.Release|Any CPU.Build.0 = Release|Any CPU
		{8B65BC75-EEE1-45D9-A467-CB4135F423BC}.Debug|Any CPU.ActiveCfg = Debug|Any CPU
		{8B65BC75-EEE1-45D9-A467-CB4135F423BC}.Debug|Any CPU.Build.0 = Debug|Any CPU
		{8B65BC75-EEE1-45D9-A467-CB4135F423BC}.Release|Any CPU.ActiveCfg = Release|Any CPU
		{8B65BC75-EEE1-45D9-A467-CB4135F423BC}.Release|Any CPU.Build.0 = Release|Any CPU
		{1340F306-0489-4EAA-B5EE-4D1EF1834F1E}.Debug|Any CPU.ActiveCfg = Debug|Any CPU
		{1340F306-0489-4EAA-B5EE-4D1EF1834F1E}.Debug|Any CPU.Build.0 = Debug|Any CPU
		{1340F306-0489-4EAA-B5EE-4D1EF1834F1E}.Release|Any CPU.ActiveCfg = Release|Any CPU
		{1340F306-0489-4EAA-B5EE-4D1EF1834F1E}.Release|Any CPU.Build.0 = Release|Any CPU
		{809B9C7E-0FBE-4731-9129-B0A754306007}.Debug|Any CPU.ActiveCfg = Debug|Any CPU
		{809B9C7E-0FBE-4731-9129-B0A754306007}.Debug|Any CPU.Build.0 = Debug|Any CPU
		{809B9C7E-0FBE-4731-9129-B0A754306007}.Release|Any CPU.ActiveCfg = Release|Any CPU
		{809B9C7E-0FBE-4731-9129-B0A754306007}.Release|Any CPU.Build.0 = Release|Any CPU
		{78441E6A-F72D-4FD2-8AF9-2BBA335FC519}.Debug|Any CPU.ActiveCfg = Debug|Any CPU
		{78441E6A-F72D-4FD2-8AF9-2BBA335FC519}.Debug|Any CPU.Build.0 = Debug|Any CPU
		{78441E6A-F72D-4FD2-8AF9-2BBA335FC519}.Release|Any CPU.ActiveCfg = Release|Any CPU
		{78441E6A-F72D-4FD2-8AF9-2BBA335FC519}.Release|Any CPU.Build.0 = Release|Any CPU
		{D18623C5-CF58-4DE9-9A5D-E3BD889F2AE1}.Debug|Any CPU.ActiveCfg = Debug|Any CPU
		{D18623C5-CF58-4DE9-9A5D-E3BD889F2AE1}.Debug|Any CPU.Build.0 = Debug|Any CPU
		{D18623C5-CF58-4DE9-9A5D-E3BD889F2AE1}.Release|Any CPU.ActiveCfg = Release|Any CPU
		{D18623C5-CF58-4DE9-9A5D-E3BD889F2AE1}.Release|Any CPU.Build.0 = Release|Any CPU
		{4C958FE1-F450-4554-8BE6-6556B59FAA8C}.Debug|Any CPU.ActiveCfg = Debug|Any CPU
		{4C958FE1-F450-4554-8BE6-6556B59FAA8C}.Debug|Any CPU.Build.0 = Debug|Any CPU
		{4C958FE1-F450-4554-8BE6-6556B59FAA8C}.Release|Any CPU.ActiveCfg = Release|Any CPU
		{4C958FE1-F450-4554-8BE6-6556B59FAA8C}.Release|Any CPU.Build.0 = Release|Any CPU
		{EE028584-0C74-474F-9347-5A8CA95EE9AE}.Debug|Any CPU.ActiveCfg = Debug|Any CPU
		{EE028584-0C74-474F-9347-5A8CA95EE9AE}.Debug|Any CPU.Build.0 = Debug|Any CPU
		{EE028584-0C74-474F-9347-5A8CA95EE9AE}.Release|Any CPU.ActiveCfg = Release|Any CPU
		{EE028584-0C74-474F-9347-5A8CA95EE9AE}.Release|Any CPU.Build.0 = Release|Any CPU
		{DA13B110-4341-4DA8-A352-6AF9CA6C8914}.Debug|Any CPU.ActiveCfg = Debug|Any CPU
		{DA13B110-4341-4DA8-A352-6AF9CA6C8914}.Debug|Any CPU.Build.0 = Debug|Any CPU
		{DA13B110-4341-4DA8-A352-6AF9CA6C8914}.Release|Any CPU.ActiveCfg = Release|Any CPU
		{DA13B110-4341-4DA8-A352-6AF9CA6C8914}.Release|Any CPU.Build.0 = Release|Any CPU
		{F73C3B5C-14C7-4CE0-A126-AA0293226C7C}.Debug|Any CPU.ActiveCfg = Debug|Any CPU
		{F73C3B5C-14C7-4CE0-A126-AA0293226C7C}.Debug|Any CPU.Build.0 = Debug|Any CPU
		{F73C3B5C-14C7-4CE0-A126-AA0293226C7C}.Release|Any CPU.ActiveCfg = Release|Any CPU
		{F73C3B5C-14C7-4CE0-A126-AA0293226C7C}.Release|Any CPU.Build.0 = Release|Any CPU
		{7BCA9862-4B37-4A0E-8610-AEA04233FE71}.Debug|Any CPU.ActiveCfg = Debug|Any CPU
		{7BCA9862-4B37-4A0E-8610-AEA04233FE71}.Debug|Any CPU.Build.0 = Debug|Any CPU
		{7BCA9862-4B37-4A0E-8610-AEA04233FE71}.Release|Any CPU.ActiveCfg = Release|Any CPU
		{7BCA9862-4B37-4A0E-8610-AEA04233FE71}.Release|Any CPU.Build.0 = Release|Any CPU
		{21BFC844-13C4-4D86-90E4-3F9DF6AF74C6}.Debug|Any CPU.ActiveCfg = Debug|Any CPU
		{21BFC844-13C4-4D86-90E4-3F9DF6AF74C6}.Debug|Any CPU.Build.0 = Debug|Any CPU
		{21BFC844-13C4-4D86-90E4-3F9DF6AF74C6}.Release|Any CPU.ActiveCfg = Release|Any CPU
		{21BFC844-13C4-4D86-90E4-3F9DF6AF74C6}.Release|Any CPU.Build.0 = Release|Any CPU
		{72D75FBF-4C23-48E5-9DB1-B201CB43ED87}.Debug|Any CPU.ActiveCfg = Debug|Any CPU
		{72D75FBF-4C23-48E5-9DB1-B201CB43ED87}.Debug|Any CPU.Build.0 = Debug|Any CPU
		{72D75FBF-4C23-48E5-9DB1-B201CB43ED87}.Release|Any CPU.ActiveCfg = Release|Any CPU
		{72D75FBF-4C23-48E5-9DB1-B201CB43ED87}.Release|Any CPU.Build.0 = Release|Any CPU
	EndGlobalSection
	GlobalSection(SolutionProperties) = preSolution
		HideSolutionNode = FALSE
	EndGlobalSection
	GlobalSection(NestedProjects) = preSolution
		{9936F23B-CD9F-42EA-9A46-B4B96CD16304} = {FC2D850B-2168-44E5-9A58-A3EE132A3F8D}
		{3FF4B200-6057-4D2F-954D-030CDF48C821} = {FC2D850B-2168-44E5-9A58-A3EE132A3F8D}
		{401D6622-3FBC-43C5-9BBF-BA14F6532A5B} = {09B5E37C-9ABB-4A34-9661-72F4E4F3E8D5}
		{88209CDC-62E4-495C-9B83-1857958D40B5} = {FC2D850B-2168-44E5-9A58-A3EE132A3F8D}
		{84341D96-101A-450B-A41B-D3E17CE53C5A} = {09B5E37C-9ABB-4A34-9661-72F4E4F3E8D5}
		{16204090-4BA5-490C-898C-C94EF54FC9FE} = {FC2D850B-2168-44E5-9A58-A3EE132A3F8D}
		{D4D31827-17B7-45D7-BB6C-568C38CCDE84} = {09B5E37C-9ABB-4A34-9661-72F4E4F3E8D5}
		{4C79E665-85EE-4A83-817A-C814E92D18F1} = {FAB0BE39-893D-4589-88A1-CFCD726D6146}
		{D974B5C6-1E2D-41C3-8E2E-5BE2021FEB4D} = {FAB0BE39-893D-4589-88A1-CFCD726D6146}
		{61175153-DD2E-4A6B-BECA-3648FAAAEF8E} = {FAB0BE39-893D-4589-88A1-CFCD726D6146}
		{7219150D-2272-4124-91C3-EA639A9D5082} = {FC2D850B-2168-44E5-9A58-A3EE132A3F8D}
		{1F4B0A07-7D90-41FC-8BBA-AAE181E4C981} = {09B5E37C-9ABB-4A34-9661-72F4E4F3E8D5}
		{AF2A42CF-A6B5-4F6F-BE1B-A7265A3F2C3D} = {09B5E37C-9ABB-4A34-9661-72F4E4F3E8D5}
		{09B5E37C-9ABB-4A34-9661-72F4E4F3E8D5} = {FC2D850B-2168-44E5-9A58-A3EE132A3F8D}
		{6DD9A53D-D90E-4039-87CC-FF3DAEC6DB27} = {FAB0BE39-893D-4589-88A1-CFCD726D6146}
		{8B65BC75-EEE1-45D9-A467-CB4135F423BC} = {FAB0BE39-893D-4589-88A1-CFCD726D6146}
		{1340F306-0489-4EAA-B5EE-4D1EF1834F1E} = {FAB0BE39-893D-4589-88A1-CFCD726D6146}
		{809B9C7E-0FBE-4731-9129-B0A754306007} = {FAB0BE39-893D-4589-88A1-CFCD726D6146}
		{78441E6A-F72D-4FD2-8AF9-2BBA335FC519} = {FAB0BE39-893D-4589-88A1-CFCD726D6146}
		{D18623C5-CF58-4DE9-9A5D-E3BD889F2AE1} = {FAB0BE39-893D-4589-88A1-CFCD726D6146}
	EndGlobalSection
	GlobalSection(ExtensibilityGlobals) = postSolution
		SolutionGuid = {F87A2145-1EC9-465A-A21F-452B1C6A4F16}
	EndGlobalSection
EndGlobal
